
Microsoft Visual Studio Solution File, Format Version 12.00
# Visual Studio Version 16
VisualStudioVersion = 16.0.31205.134
MinimumVisualStudioVersion = 10.0.40219.1
Project("{9A19103F-16F7-4668-BE54-9A1E7A4F7556}") = "cwiczenia-4-s16324", "cwiczenia-4-s16324.csproj", "{35B1DF0B-1C28-401E-888E-50C754D237FE}"
EndProject
Global
	GlobalSection(SolutionConfigurationPlatforms) = preSolution
		Debug|Any CPU = Debug|Any CPU
		Release|Any CPU = Release|Any CPU
	EndGlobalSection
	GlobalSection(ProjectConfigurationPlatforms) = postSolution
		{35B1DF0B-1C28-401E-888E-50C754D237FE}.Debug|Any CPU.ActiveCfg = Debug|Any CPU
		{35B1DF0B-1C28-401E-888E-50C754D237FE}.Debug|Any CPU.Build.0 = Debug|Any CPU
		{35B1DF0B-1C28-401E-888E-50C754D237FE}.Release|Any CPU.ActiveCfg = Release|Any CPU
		{35B1DF0B-1C28-401E-888E-50C754D237FE}.Release|Any CPU.Build.0 = Release|Any CPU
	EndGlobalSection
	GlobalSection(SolutionProperties) = preSolution
		HideSolutionNode = FALSE
	EndGlobalSection
	GlobalSection(ExtensibilityGlobals) = postSolution
		SolutionGuid = {4FD66260-16F6-475C-878E-76C3ABFD99CB}
	EndGlobalSection
EndGlobal
